// !$*UTF8*$!
{
	archiveVersion = 1;
	classes = {
	};
	objectVersion = 50;
	objects = {

/* Begin PBXBuildFile section */
		B9197E8C207F39ED00A25157 /* AppDelegate.m in Sources */ = {isa = PBXBuildFile; fileRef = B9197E8B207F39ED00A25157 /* AppDelegate.m */; };
		B9197E8F207F39ED00A25157 /* ViewController.m in Sources */ = {isa = PBXBuildFile; fileRef = B9197E8E207F39ED00A25157 /* ViewController.m */; };
		B9197E92207F39ED00A25157 /* Main.storyboard in Resources */ = {isa = PBXBuildFile; fileRef = B9197E90207F39ED00A25157 /* Main.storyboard */; };
		B9197E94207F39EE00A25157 /* Assets.xcassets in Resources */ = {isa = PBXBuildFile; fileRef = B9197E93207F39EE00A25157 /* Assets.xcassets */; };
		B9197E97207F39EE00A25157 /* LaunchScreen.storyboard in Resources */ = {isa = PBXBuildFile; fileRef = B9197E95207F39EE00A25157 /* LaunchScreen.storyboard */; };
		B9197E9A207F39EE00A25157 /* main.m in Sources */ = {isa = PBXBuildFile; fileRef = B9197E99207F39EE00A25157 /* main.m */; };
		B9197EA4207F39EE00A25157 /* MyCodeTests.m in Sources */ = {isa = PBXBuildFile; fileRef = B9197EA3207F39EE00A25157 /* MyCodeTests.m */; };
		B9197EAF207F39EE00A25157 /* MyCodeUITests.m in Sources */ = {isa = PBXBuildFile; fileRef = B9197EAE207F39EE00A25157 /* MyCodeUITests.m */; };
		B9197EC2207F3A5500A25157 /* BYThirdLoginView.m in Sources */ = {isa = PBXBuildFile; fileRef = B9197EBE207F3A5500A25157 /* BYThirdLoginView.m */; };
		B9197EC3207F3A5500A25157 /* UIButton+BYUpDown.m in Sources */ = {isa = PBXBuildFile; fileRef = B9197EC0207F3A5500A25157 /* UIButton+BYUpDown.m */; };
		B9197ECA207F3A5C00A25157 /* qq@3x.png in Resources */ = {isa = PBXBuildFile; fileRef = B9197EC4207F3A5C00A25157 /* qq@3x.png */; };
		B9197ECB207F3A5C00A25157 /* weibo@2x.png in Resources */ = {isa = PBXBuildFile; fileRef = B9197EC5207F3A5C00A25157 /* weibo@2x.png */; };
		B9197ECC207F3A5C00A25157 /* weibo@3x.png in Resources */ = {isa = PBXBuildFile; fileRef = B9197EC6207F3A5C00A25157 /* weibo@3x.png */; };
		B9197ECD207F3A5C00A25157 /* qq@2x.png in Resources */ = {isa = PBXBuildFile; fileRef = B9197EC7207F3A5C00A25157 /* qq@2x.png */; };
		B9197ECE207F3A5C00A25157 /* weChat@2x.png in Resources */ = {isa = PBXBuildFile; fileRef = B9197EC8207F3A5C00A25157 /* weChat@2x.png */; };
		B9197ECF207F3A5C00A25157 /* weChat@3x.png in Resources */ = {isa = PBXBuildFile; fileRef = B9197EC9207F3A5C00A25157 /* weChat@3x.png */; };
/* End PBXBuildFile section */

/* Begin PBXContainerItemProxy section */
		B9197EA0207F39EE00A25157 /* PBXContainerItemProxy */ = {
			isa = PBXContainerItemProxy;
			containerPortal = B9197E7F207F39ED00A25157 /* Project object */;
			proxyType = 1;
			remoteGlobalIDString = B9197E86207F39ED00A25157;
			remoteInfo = MyCode;
		};
		B9197EAB207F39EE00A25157 /* PBXContainerItemProxy */ = {
			isa = PBXContainerItemProxy;
			containerPortal = B9197E7F207F39ED00A25157 /* Project object */;
			proxyType = 1;
			remoteGlobalIDString = B9197E86207F39ED00A25157;
			remoteInfo = MyCode;
		};
/* End PBXContainerItemProxy section */

/* Begin PBXFileReference section */
		B9197E87207F39ED00A25157 /* MyCode.app */ = {isa = PBXFileReference; explicitFileType = wrapper.application; includeInIndex = 0; path = MyCode.app; sourceTree = BUILT_PRODUCTS_DIR; };
		B9197E8A207F39ED00A25157 /* AppDelegate.h */ = {isa = PBXFileReference; lastKnownFileType = sourcecode.c.h; path = AppDelegate.h; sourceTree = "<group>"; };
		B9197E8B207F39ED00A25157 /* AppDelegate.m */ = {isa = PBXFileReference; lastKnownFileType = sourcecode.c.objc; path = AppDelegate.m; sourceTree = "<group>"; };
		B9197E8D207F39ED00A25157 /* ViewController.h */ = {isa = PBXFileReference; lastKnownFileType = sourcecode.c.h; path = ViewController.h; sourceTree = "<group>"; };
		B9197E8E207F39ED00A25157 /* ViewController.m */ = {isa = PBXFileReference; lastKnownFileType = sourcecode.c.objc; path = ViewController.m; sourceTree = "<group>"; };
		B9197E91207F39ED00A25157 /* Base */ = {isa = PBXFileReference; lastKnownFileType = file.storyboard; name = Base; path = Base.lproj/Main.storyboard; sourceTree = "<group>"; };
		B9197E93207F39EE00A25157 /* Assets.xcassets */ = {isa = PBXFileReference; lastKnownFileType = folder.assetcatalog; path = Assets.xcassets; sourceTree = "<group>"; };
		B9197E96207F39EE00A25157 /* Base */ = {isa = PBXFileReference; lastKnownFileType = file.storyboard; name = Base; path = Base.lproj/LaunchScreen.storyboard; sourceTree = "<group>"; };
		B9197E98207F39EE00A25157 /* Info.plist */ = {isa = PBXFileReference; lastKnownFileType = text.plist.xml; path = Info.plist; sourceTree = "<group>"; };
		B9197E99207F39EE00A25157 /* main.m */ = {isa = PBXFileReference; lastKnownFileType = sourcecode.c.objc; path = main.m; sourceTree = "<group>"; };
		B9197E9F207F39EE00A25157 /* MyCodeTests.xctest */ = {isa = PBXFileReference; explicitFileType = wrapper.cfbundle; includeInIndex = 0; path = MyCodeTests.xctest; sourceTree = BUILT_PRODUCTS_DIR; };
		B9197EA3207F39EE00A25157 /* MyCodeTests.m */ = {isa = PBXFileReference; lastKnownFileType = sourcecode.c.objc; path = MyCodeTests.m; sourceTree = "<group>"; };
		B9197EA5207F39EE00A25157 /* Info.plist */ = {isa = PBXFileReference; lastKnownFileType = text.plist.xml; path = Info.plist; sourceTree = "<group>"; };
		B9197EAA207F39EE00A25157 /* MyCodeUITests.xctest */ = {isa = PBXFileReference; explicitFileType = wrapper.cfbundle; includeInIndex = 0; path = MyCodeUITests.xctest; sourceTree = BUILT_PRODUCTS_DIR; };
		B9197EAE207F39EE00A25157 /* MyCodeUITests.m */ = {isa = PBXFileReference; lastKnownFileType = sourcecode.c.objc; path = MyCodeUITests.m; sourceTree = "<group>"; };
		B9197EB0207F39EE00A25157 /* Info.plist */ = {isa = PBXFileReference; lastKnownFileType = text.plist.xml; path = Info.plist; sourceTree = "<group>"; };
		B9197EBE207F3A5500A25157 /* BYThirdLoginView.m */ = {isa = PBXFileReference; fileEncoding = 4; lastKnownFileType = sourcecode.c.objc; path = BYThirdLoginView.m; sourceTree = "<group>"; };
		B9197EBF207F3A5500A25157 /* BYThirdLoginView.h */ = {isa = PBXFileReference; fileEncoding = 4; lastKnownFileType = sourcecode.c.h; path = BYThirdLoginView.h; sourceTree = "<group>"; };
		B9197EC0207F3A5500A25157 /* UIButton+BYUpDown.m */ = {isa = PBXFileReference; fileEncoding = 4; lastKnownFileType = sourcecode.c.objc; path = "UIButton+BYUpDown.m"; sourceTree = "<group>"; };
		B9197EC1207F3A5500A25157 /* UIButton+BYUpDown.h */ = {isa = PBXFileReference; fileEncoding = 4; lastKnownFileType = sourcecode.c.h; path = "UIButton+BYUpDown.h"; sourceTree = "<group>"; };
		B9197EC4207F3A5C00A25157 /* qq@3x.png */ = {isa = PBXFileReference; lastKnownFileType = image.png; path = "qq@3x.png"; sourceTree = "<group>"; };
		B9197EC5207F3A5C00A25157 /* weibo@2x.png */ = {isa = PBXFileReference; lastKnownFileType = image.png; path = "weibo@2x.png"; sourceTree = "<group>"; };
		B9197EC6207F3A5C00A25157 /* weibo@3x.png */ = {isa = PBXFileReference; lastKnownFileType = image.png; path = "weibo@3x.png"; sourceTree = "<group>"; };
		B9197EC7207F3A5C00A25157 /* qq@2x.png */ = {isa = PBXFileReference; lastKnownFileType = image.png; path = "qq@2x.png"; sourceTree = "<group>"; };
		B9197EC8207F3A5C00A25157 /* weChat@2x.png */ = {isa = PBXFileReference; lastKnownFileType = image.png; path = "weChat@2x.png"; sourceTree = "<group>"; };
		B9197EC9207F3A5C00A25157 /* weChat@3x.png */ = {isa = PBXFileReference; lastKnownFileType = image.png; path = "weChat@3x.png"; sourceTree = "<group>"; };
/* End PBXFileReference section */

/* Begin PBXFrameworksBuildPhase section */
		B9197E84207F39ED00A25157 /* Frameworks */ = {
			isa = PBXFrameworksBuildPhase;
			buildActionMask = 2147483647;
			files = (
			);
			runOnlyForDeploymentPostprocessing = 0;
		};
		B9197E9C207F39EE00A25157 /* Frameworks */ = {
			isa = PBXFrameworksBuildPhase;
			buildActionMask = 2147483647;
			files = (
			);
			runOnlyForDeploymentPostprocessing = 0;
		};
		B9197EA7207F39EE00A25157 /* Frameworks */ = {
			isa = PBXFrameworksBuildPhase;
			buildActionMask = 2147483647;
			files = (
			);
			runOnlyForDeploymentPostprocessing = 0;
		};
/* End PBXFrameworksBuildPhase section */

/* Begin PBXGroup section */
		B9197E7E207F39ED00A25157 = {
			isa = PBXGroup;
			children = (
				B9197E89207F39ED00A25157 /* MyCode */,
				B9197EA2207F39EE00A25157 /* MyCodeTests */,
				B9197EAD207F39EE00A25157 /* MyCodeUITests */,
				B9197E88207F39ED00A25157 /* Products */,
			);
			sourceTree = "<group>";
		};
		B9197E88207F39ED00A25157 /* Products */ = {
			isa = PBXGroup;
			children = (
				B9197E87207F39ED00A25157 /* MyCode.app */,
				B9197E9F207F39EE00A25157 /* MyCodeTests.xctest */,
				B9197EAA207F39EE00A25157 /* MyCodeUITests.xctest */,
			);
			name = Products;
			sourceTree = "<group>";
		};
		B9197E89207F39ED00A25157 /* MyCode */ = {
			isa = PBXGroup;
			children = (
				B9197E8A207F39ED00A25157 /* AppDelegate.h */,
				B9197E8B207F39ED00A25157 /* AppDelegate.m */,
				B9197E8D207F39ED00A25157 /* ViewController.h */,
				B9197E8E207F39ED00A25157 /* ViewController.m */,
				B9197EBC207F3A0B00A25157 /* BYThirdLoginView */,
				B9197E90207F39ED00A25157 /* Main.storyboard */,
				B9197E93207F39EE00A25157 /* Assets.xcassets */,
				B9197E95207F39EE00A25157 /* LaunchScreen.storyboard */,
				B9197E98207F39EE00A25157 /* Info.plist */,
				B9197E99207F39EE00A25157 /* main.m */,
			);
			path = MyCode;
			sourceTree = "<group>";
		};
		B9197EA2207F39EE00A25157 /* MyCodeTests */ = {
			isa = PBXGroup;
			children = (
				B9197EA3207F39EE00A25157 /* MyCodeTests.m */,
				B9197EA5207F39EE00A25157 /* Info.plist */,
			);
			path = MyCodeTests;
			sourceTree = "<group>";
		};
		B9197EAD207F39EE00A25157 /* MyCodeUITests */ = {
			isa = PBXGroup;
			children = (
				B9197EAE207F39EE00A25157 /* MyCodeUITests.m */,
				B9197EB0207F39EE00A25157 /* Info.plist */,
			);
			path = MyCodeUITests;
			sourceTree = "<group>";
		};
		B9197EBC207F3A0B00A25157 /* BYThirdLoginView */ = {
			isa = PBXGroup;
			children = (
				B9197EBF207F3A5500A25157 /* BYThirdLoginView.h */,
				B9197EBE207F3A5500A25157 /* BYThirdLoginView.m */,
				B9197EC1207F3A5500A25157 /* UIButton+BYUpDown.h */,
				B9197EC0207F3A5500A25157 /* UIButton+BYUpDown.m */,
				B9197EBD207F3A1F00A25157 /* Resources */,
			);
			path = BYThirdLoginView;
			sourceTree = "<group>";
		};
		B9197EBD207F3A1F00A25157 /* Resources */ = {
			isa = PBXGroup;
			children = (
				B9197EC7207F3A5C00A25157 /* qq@2x.png */,
				B9197EC4207F3A5C00A25157 /* qq@3x.png */,
				B9197EC8207F3A5C00A25157 /* weChat@2x.png */,
				B9197EC9207F3A5C00A25157 /* weChat@3x.png */,
				B9197EC5207F3A5C00A25157 /* weibo@2x.png */,
				B9197EC6207F3A5C00A25157 /* weibo@3x.png */,
			);
			path = Resources;
			sourceTree = "<group>";
		};
/* End PBXGroup section */

/* Begin PBXNativeTarget section */
		B9197E86207F39ED00A25157 /* MyCode */ = {
			isa = PBXNativeTarget;
			buildConfigurationList = B9197EB3207F39EE00A25157 /* Build configuration list for PBXNativeTarget "MyCode" */;
			buildPhases = (
				B9197E83207F39ED00A25157 /* Sources */,
				B9197E84207F39ED00A25157 /* Frameworks */,
				B9197E85207F39ED00A25157 /* Resources */,
			);
			buildRules = (
			);
			dependencies = (
			);
			name = MyCode;
			productName = MyCode;
			productReference = B9197E87207F39ED00A25157 /* MyCode.app */;
			productType = "com.apple.product-type.application";
		};
		B9197E9E207F39EE00A25157 /* MyCodeTests */ = {
			isa = PBXNativeTarget;
			buildConfigurationList = B9197EB6207F39EE00A25157 /* Build configuration list for PBXNativeTarget "MyCodeTests" */;
			buildPhases = (
				B9197E9B207F39EE00A25157 /* Sources */,
				B9197E9C207F39EE00A25157 /* Frameworks */,
				B9197E9D207F39EE00A25157 /* Resources */,
			);
			buildRules = (
			);
			dependencies = (
				B9197EA1207F39EE00A25157 /* PBXTargetDependency */,
			);
			name = MyCodeTests;
			productName = MyCodeTests;
			productReference = B9197E9F207F39EE00A25157 /* MyCodeTests.xctest */;
			productType = "com.apple.product-type.bundle.unit-test";
		};
		B9197EA9207F39EE00A25157 /* MyCodeUITests */ = {
			isa = PBXNativeTarget;
			buildConfigurationList = B9197EB9207F39EE00A25157 /* Build configuration list for PBXNativeTarget "MyCodeUITests" */;
			buildPhases = (
				B9197EA6207F39EE00A25157 /* Sources */,
				B9197EA7207F39EE00A25157 /* Frameworks */,
				B9197EA8207F39EE00A25157 /* Resources */,
			);
			buildRules = (
			);
			dependencies = (
				B9197EAC207F39EE00A25157 /* PBXTargetDependency */,
			);
			name = MyCodeUITests;
			productName = MyCodeUITests;
			productReference = B9197EAA207F39EE00A25157 /* MyCodeUITests.xctest */;
			productType = "com.apple.product-type.bundle.ui-testing";
		};
/* End PBXNativeTarget section */

/* Begin PBXProject section */
		B9197E7F207F39ED00A25157 /* Project object */ = {
			isa = PBXProject;
			attributes = {
				LastUpgradeCheck = 0930;
				ORGANIZATIONNAME = biyu6;
				TargetAttributes = {
					B9197E86207F39ED00A25157 = {
						CreatedOnToolsVersion = 9.3;
					};
					B9197E9E207F39EE00A25157 = {
						CreatedOnToolsVersion = 9.3;
						TestTargetID = B9197E86207F39ED00A25157;
					};
					B9197EA9207F39EE00A25157 = {
						CreatedOnToolsVersion = 9.3;
						TestTargetID = B9197E86207F39ED00A25157;
					};
				};
			};
			buildConfigurationList = B9197E82207F39ED00A25157 /* Build configuration list for PBXProject "MyCode" */;
			compatibilityVersion = "Xcode 9.3";
			developmentRegion = en;
			hasScannedForEncodings = 0;
			knownRegions = (
				en,
				Base,
			);
			mainGroup = B9197E7E207F39ED00A25157;
			productRefGroup = B9197E88207F39ED00A25157 /* Products */;
			projectDirPath = "";
			projectRoot = "";
			targets = (
				B9197E86207F39ED00A25157 /* MyCode */,
				B9197E9E207F39EE00A25157 /* MyCodeTests */,
				B9197EA9207F39EE00A25157 /* MyCodeUITests */,
			);
		};
/* End PBXProject section */

/* Begin PBXResourcesBuildPhase section */
		B9197E85207F39ED00A25157 /* Resources */ = {
			isa = PBXResourcesBuildPhase;
			buildActionMask = 2147483647;
			files = (
				B9197E97207F39EE00A25157 /* LaunchScreen.storyboard in Resources */,
				B9197ECA207F3A5C00A25157 /* qq@3x.png in Resources */,
				B9197E94207F39EE00A25157 /* Assets.xcassets in Resources */,
				B9197ECB207F3A5C00A25157 /* weibo@2x.png in Resources */,
				B9197ECD207F3A5C00A25157 /* qq@2x.png in Resources */,
				B9197ECC207F3A5C00A25157 /* weibo@3x.png in Resources */,
				B9197ECE207F3A5C00A25157 /* weChat@2x.png in Resources */,
				B9197ECF207F3A5C00A25157 /* weChat@3x.png in Resources */,
				B9197E92207F39ED00A25157 /* Main.storyboard in Resources */,
			);
			runOnlyForDeploymentPostprocessing = 0;
		};
		B9197E9D207F39EE00A25157 /* Resources */ = {
			isa = PBXResourcesBuildPhase;
			buildActionMask = 2147483647;
			files = (
			);
			runOnlyForDeploymentPostprocessing = 0;
		};
		B9197EA8207F39EE00A25157 /* Resources */ = {
			isa = PBXResourcesBuildPhase;
			buildActionMask = 2147483647;
			files = (
			);
			runOnlyForDeploymentPostprocessing = 0;
		};
/* End PBXResourcesBuildPhase section */

/* Begin PBXSourcesBuildPhase section */
		B9197E83207F39ED00A25157 /* Sources */ = {
			isa = PBXSourcesBuildPhase;
			buildActionMask = 2147483647;
			files = (
				B9197E8F207F39ED00A25157 /* ViewController.m in Sources */,
				B9197EC3207F3A5500A25157 /* UIButton+BYUpDown.m in Sources */,
				B9197E9A207F39EE00A25157 /* main.m in Sources */,
				B9197E8C207F39ED00A25157 /* AppDelegate.m in Sources */,
				B9197EC2207F3A5500A25157 /* BYThirdLoginView.m in Sources */,
			);
			runOnlyForDeploymentPostprocessing = 0;
		};
		B9197E9B207F39EE00A25157 /* Sources */ = {
			isa = PBXSourcesBuildPhase;
			buildActionMask = 2147483647;
			files = (
				B9197EA4207F39EE00A25157 /* MyCodeTests.m in Sources */,
			);
			runOnlyForDeploymentPostprocessing = 0;
		};
		B9197EA6207F39EE00A25157 /* Sources */ = {
			isa = PBXSourcesBuildPhase;
			buildActionMask = 2147483647;
			files = (
				B9197EAF207F39EE00A25157 /* MyCodeUITests.m in Sources */,
			);
			runOnlyForDeploymentPostprocessing = 0;
		};
/* End PBXSourcesBuildPhase section */

/* Begin PBXTargetDependency section */
		B9197EA1207F39EE00A25157 /* PBXTargetDependency */ = {
			isa = PBXTargetDependency;
			target = B9197E86207F39ED00A25157 /* MyCode */;
			targetProxy = B9197EA0207F39EE00A25157 /* PBXContainerItemProxy */;
		};
		B9197EAC207F39EE00A25157 /* PBXTargetDependency */ = {
			isa = PBXTargetDependency;
			target = B9197E86207F39ED00A25157 /* MyCode */;
			targetProxy = B9197EAB207F39EE00A25157 /* PBXContainerItemProxy */;
		};
/* End PBXTargetDependency section */

/* Begin PBXVariantGroup section */
		B9197E90207F39ED00A25157 /* Main.storyboard */ = {
			isa = PBXVariantGroup;
			children = (
				B9197E91207F39ED00A25157 /* Base */,
			);
			name = Main.storyboard;
			sourceTree = "<group>";
		};
		B9197E95207F39EE00A25157 /* LaunchScreen.storyboard */ = {
			isa = PBXVariantGroup;
			children = (
				B9197E96207F39EE00A25157 /* Base */,
			);
			name = LaunchScreen.storyboard;
			sourceTree = "<group>";
		};
/* End PBXVariantGroup section */

/* Begin XCBuildConfiguration section */
		B9197EB1207F39EE00A25157 /* Debug */ = {
			isa = XCBuildConfiguration;
			buildSettings = {
				ALWAYS_SEARCH_USER_PATHS = NO;
				CLANG_ANALYZER_NONNULL = YES;
				CLANG_ANALYZER_NUMBER_OBJECT_CONVERSION = YES_AGGRESSIVE;
				CLANG_CXX_LANGUAGE_STANDARD = "gnu++14";
				CLANG_CXX_LIBRARY = "libc++";
				CLANG_ENABLE_MODULES = YES;
				CLANG_ENABLE_OBJC_ARC = YES;
				CLANG_ENABLE_OBJC_WEAK = YES;
				CLANG_WARN_BLOCK_CAPTURE_AUTORELEASING = YES;
				CLANG_WARN_BOOL_CONVERSION = YES;
				CLANG_WARN_COMMA = YES;
				CLANG_WARN_CONSTANT_CONVERSION = YES;
				CLANG_WARN_DEPRECATED_OBJC_IMPLEMENTATIONS = YES;
				CLANG_WARN_DIRECT_OBJC_ISA_USAGE = YES_ERROR;
				CLANG_WARN_DOCUMENTATION_COMMENTS = YES;
				CLANG_WARN_EMPTY_BODY = YES;
				CLANG_WARN_ENUM_CONVERSION = YES;
				CLANG_WARN_INFINITE_RECURSION = YES;
				CLANG_WARN_INT_CONVERSION = YES;
				CLANG_WARN_NON_LITERAL_NULL_CONVERSION = YES;
				CLANG_WARN_OBJC_IMPLICIT_RETAIN_SELF = YES;
				CLANG_WARN_OBJC_LITERAL_CONVERSION = YES;
				CLANG_WARN_OBJC_ROOT_CLASS = YES_ERROR;
				CLANG_WARN_RANGE_LOOP_ANALYSIS = YES;
				CLANG_WARN_STRICT_PROTOTYPES = YES;
				CLANG_WARN_SUSPICIOUS_MOVE = YES;
				CLANG_WARN_UNGUARDED_AVAILABILITY = YES_AGGRESSIVE;
				CLANG_WARN_UNREACHABLE_CODE = YES;
				CLANG_WARN__DUPLICATE_METHOD_MATCH = YES;
				CODE_SIGN_IDENTITY = "iPhone Developer";
				COPY_PHASE_STRIP = NO;
				DEBUG_INFORMATION_FORMAT = dwarf;
				ENABLE_STRICT_OBJC_MSGSEND = YES;
				ENABLE_TESTABILITY = YES;
				GCC_C_LANGUAGE_STANDARD = gnu11;
				GCC_DYNAMIC_NO_PIC = NO;
				GCC_NO_COMMON_BLOCKS = YES;
				GCC_OPTIMIZATION_LEVEL = 0;
				GCC_PREPROCESSOR_DEFINITIONS = (
					"DEBUG=1",
					"$(inherited)",
				);
				GCC_WARN_64_TO_32_BIT_CONVERSION = YES;
				GCC_WARN_ABOUT_RETURN_TYPE = YES_ERROR;
				GCC_WARN_UNDECLARED_SELECTOR = YES;
				GCC_WARN_UNINITIALIZED_AUTOS = YES_AGGRESSIVE;
				GCC_WARN_UNUSED_FUNCTION = YES;
				GCC_WARN_UNUSED_VARIABLE = YES;
				IPHONEOS_DEPLOYMENT_TARGET = 11.3;
				MTL_ENABLE_DEBUG_INFO = YES;
				ONLY_ACTIVE_ARCH = YES;
				SDKROOT = iphoneos;
			};
			name = Debug;
		};
		B9197EB2207F39EE00A25157 /* Release */ = {
			isa = XCBuildConfiguration;
			buildSettings = {
				ALWAYS_SEARCH_USER_PATHS = NO;
				CLANG_ANALYZER_NONNULL = YES;
				CLANG_ANALYZER_NUMBER_OBJECT_CONVERSION = YES_AGGRESSIVE;
				CLANG_CXX_LANGUAGE_STANDARD = "gnu++14";
				CLANG_CXX_LIBRARY = "libc++";
				CLANG_ENABLE_MODULES = YES;
				CLANG_ENABLE_OBJC_ARC = YES;
				CLANG_ENABLE_OBJC_WEAK = YES;
				CLANG_WARN_BLOCK_CAPTURE_AUTORELEASING = YES;
				CLANG_WARN_BOOL_CONVERSION = YES;
				CLANG_WARN_COMMA = YES;
				CLANG_WARN_CONSTANT_CONVERSION = YES;
				CLANG_WARN_DEPRECATED_OBJC_IMPLEMENTATIONS = YES;
				CLANG_WARN_DIRECT_OBJC_ISA_USAGE = YES_ERROR;
				CLANG_WARN_DOCUMENTATION_COMMENTS = YES;
				CLANG_WARN_EMPTY_BODY = YES;
				CLANG_WARN_ENUM_CONVERSION = YES;
				CLANG_WARN_INFINITE_RECURSION = YES;
				CLANG_WARN_INT_CONVERSION = YES;
				CLANG_WARN_NON_LITERAL_NULL_CONVERSION = YES;
				CLANG_WARN_OBJC_IMPLICIT_RETAIN_SELF = YES;
				CLANG_WARN_OBJC_LITERAL_CONVERSION = YES;
				CLANG_WARN_OBJC_ROOT_CLASS = YES_ERROR;
				CLANG_WARN_RANGE_LOOP_ANALYSIS = YES;
				CLANG_WARN_STRICT_PROTOTYPES = YES;
				CLANG_WARN_SUSPICIOUS_MOVE = YES;
				CLANG_WARN_UNGUARDED_AVAILABILITY = YES_AGGRESSIVE;
				CLANG_WARN_UNREACHABLE_CODE = YES;
				CLANG_WARN__DUPLICATE_METHOD_MATCH = YES;
				CODE_SIGN_IDENTITY = "iPhone Developer";
				COPY_PHASE_STRIP = NO;
				DEBUG_INFORMATION_FORMAT = "dwarf-with-dsym";
				ENABLE_NS_ASSERTIONS = NO;
				ENABLE_STRICT_OBJC_MSGSEND = YES;
				GCC_C_LANGUAGE_STANDARD = gnu11;
				GCC_NO_COMMON_BLOCKS = YES;
				GCC_WARN_64_TO_32_BIT_CONVERSION = YES;
				GCC_WARN_ABOUT_RETURN_TYPE = YES_ERROR;
				GCC_WARN_UNDECLARED_SELECTOR = YES;
				GCC_WARN_UNINITIALIZED_AUTOS = YES_AGGRESSIVE;
				GCC_WARN_UNUSED_FUNCTION = YES;
				GCC_WARN_UNUSED_VARIABLE = YES;
				IPHONEOS_DEPLOYMENT_TARGET = 11.3;
				MTL_ENABLE_DEBUG_INFO = NO;
				SDKROOT = iphoneos;
				VALIDATE_PRODUCT = YES;
			};
			name = Release;
		};
		B9197EB4207F39EE00A25157 /* Debug */ = {
			isa = XCBuildConfiguration;
			buildSettings = {
				ASSETCATALOG_COMPILER_APPICON_NAME = AppIcon;
				CODE_SIGN_STYLE = Automatic;
				INFOPLIST_FILE = MyCode/Info.plist;
				LD_RUNPATH_SEARCH_PATHS = (
					"$(inherited)",
					"@executable_path/Frameworks",
				);
				PRODUCT_BUNDLE_IDENTIFIER = BY.MyCode;
				PRODUCT_NAME = "$(TARGET_NAME)";
				TARGETED_DEVICE_FAMILY = "1,2";
			};
			name = Debug;
		};
		B9197EB5207F39EE00A25157 /* Release */ = {
			isa = XCBuildConfiguration;
			buildSettings = {
				ASSETCATALOG_COMPILER_APPICON_NAME = AppIcon;
				CODE_SIGN_STYLE = Automatic;
				INFOPLIST_FILE = MyCode/Info.plist;
				LD_RUNPATH_SEARCH_PATHS = (
					"$(inherited)",
					"@executable_path/Frameworks",
				);
				PRODUCT_BUNDLE_IDENTIFIER = BY.MyCode;
				PRODUCT_NAME = "$(TARGET_NAME)";
				TARGETED_DEVICE_FAMILY = "1,2";
			};
			name = Release;
		};
		B9197EB7207F39EE00A25157 /* Debug */ = {
			isa = XCBuildConfiguration;
			buildSettings = {
				BUNDLE_LOADER = "$(TEST_HOST)";
				CODE_SIGN_STYLE = Automatic;
				INFOPLIST_FILE = MyCodeTests/Info.plist;
				LD_RUNPATH_SEARCH_PATHS = (
					"$(inherited)",
					"@executable_path/Frameworks",
					"@loader_path/Frameworks",
				);
				PRODUCT_BUNDLE_IDENTIFIER = BY.MyCodeTests;
				PRODUCT_NAME = "$(TARGET_NAME)";
				TARGETED_DEVICE_FAMILY = "1,2";
				TEST_HOST = "$(BUILT_PRODUCTS_DIR)/MyCode.app/MyCode";
			};
			name = Debug;
		};
		B9197EB8207F39EE00A25157 /* Release */ = {
			isa = XCBuildConfiguration;
			buildSettings = {
				BUNDLE_LOADER = "$(TEST_HOST)";
				CODE_SIGN_STYLE = Automatic;
				INFOPLIST_FILE = MyCodeTests/Info.plist;
				LD_RUNPATH_SEARCH_PATHS = (
					"$(inherited)",
					"@executable_path/Frameworks",
					"@loader_path/Frameworks",
				);
				PRODUCT_BUNDLE_IDENTIFIER = BY.MyCodeTests;
				PRODUCT_NAME = "$(TARGET_NAME)";
				TARGETED_DEVICE_FAMILY = "1,2";
				TEST_HOST = "$(BUILT_PRODUCTS_DIR)/MyCode.app/MyCode";
			};
			name = Release;
		};
		B9197EBA207F39EE00A25157 /* Debug */ = {
			isa = XCBuildConfiguration;
			buildSettings = {
				CODE_SIGN_STYLE = Automatic;
				INFOPLIST_FILE = MyCodeUITests/Info.plist;
				LD_RUNPATH_SEARCH_PATHS = (
					"$(inherited)",
					"@executable_path/Frameworks",
					"@loader_path/Frameworks",
				);
				PRODUCT_BUNDLE_IDENTIFIER = BY.MyCodeUITests;
				PRODUCT_NAME = "$(TARGET_NAME)";
				TARGETED_DEVICE_FAMILY = "1,2";
				TEST_TARGET_NAME = MyCode;
			};
			name = Debug;
		};
		B9197EBB207F39EE00A25157 /* Release */ = {
			isa = XCBuildConfiguration;
			buildSettings = {
				CODE_SIGN_STYLE = Automatic;
				INFOPLIST_FILE = MyCodeUITests/Info.plist;
				LD_RUNPATH_SEARCH_PATHS = (
					"$(inherited)",
					"@executable_path/Frameworks",
					"@loader_path/Frameworks",
				);
				PRODUCT_BUNDLE_IDENTIFIER = BY.MyCodeUITests;
				PRODUCT_NAME = "$(TARGET_NAME)";
				TARGETED_DEVICE_FAMILY = "1,2";
				TEST_TARGET_NAME = MyCode;
			};
			name = Release;
		};
/* End XCBuildConfiguration section */

/* Begin XCConfigurationList section */
		B9197E82207F39ED00A25157 /* Build configuration list for PBXProject "MyCode" */ = {
			isa = XCConfigurationList;
			buildConfigurations = (
				B9197EB1207F39EE00A25157 /* Debug */,
				B9197EB2207F39EE00A25157 /* Release */,
			);
			defaultConfigurationIsVisible = 0;
			defaultConfigurationName = Release;
		};
		B9197EB3207F39EE00A25157 /* Build configuration list for PBXNativeTarget "MyCode" */ = {
			isa = XCConfigurationList;
			buildConfigurations = (
				B9197EB4207F39EE00A25157 /* Debug */,
				B9197EB5207F39EE00A25157 /* Release */,
			);
			defaultConfigurationIsVisible = 0;
			defaultConfigurationName = Release;
		};
		B9197EB6207F39EE00A25157 /* Build configuration list for PBXNativeTarget "MyCodeTests" */ = {
			isa = XCConfigurationList;
			buildConfigurations = (
				B9197EB7207F39EE00A25157 /* Debug */,
				B9197EB8207F39EE00A25157 /* Release */,
			);
			defaultConfigurationIsVisible = 0;
			defaultConfigurationName = Release;
		};
		B9197EB9207F39EE00A25157 /* Build configuration list for PBXNativeTarget "MyCodeUITests" */ = {
			isa = XCConfigurationList;
			buildConfigurations = (
				B9197EBA207F39EE00A25157 /* Debug */,
				B9197EBB207F39EE00A25157 /* Release */,
			);
			defaultConfigurationIsVisible = 0;
			defaultConfigurationName = Release;
		};
/* End XCConfigurationList section */
	};
	rootObject = B9197E7F207F39ED00A25157 /* Project object */;
}
